{
  "name": "@audio/defeedback",
  "version": "1.1.1",
  "lockfileVersion": 3,
  "requires": true,
  "packages": {
    "": {
      "name": "@audio/defeedback",
      "version": "1.1.1",
      "license": "MIT",
      "workspaces": [
        "packages/*"
      ],
      "dependencies": {
        "@audio/defeedback-analyzer": "^1.0.0",
        "@audio/defeedback-notchbank": "^1.0.0",
        "@audio/defeedback-tracker": "^1.0.0"
      },
      "devDependencies": {
        "tst": "^9.4.0"
      },
      "engines": {
        "node": ">=18"
      }
    },
    "node_modules/@audio/biquad": {
      "version": "1.2.0",
      "resolved": "https://registry.npmjs.org/@audio/biquad/-/biquad-1.2.0.tgz",
      "integrity": "sha512-2ya/NSmXFHWvHR9mJhIchO8DT0aCVfaX6cq9rxUp8MHU39ODJdrQ0vpoNZZjnIJQjFZI8s3qzFxD1MDOLWuSyQ==",
      "license": "MIT",
      "engines": {
        "node": ">=18"
      }
    },
    "node_modules/@audio/defeedback-analyzer": {
      "resolved": "packages/defeedback-analyzer",
      "link": true
    },
    "node_modules/@audio/defeedback-notchbank": {
      "resolved": "packages/defeedback-notchbank",
      "link": true
    },
    "node_modules/@audio/defeedback-tracker": {
      "resolved": "packages/defeedback-tracker",
      "link": true
    },
    "node_modules/fourier-transform": {
      "version": "2.4.0",
      "resolved": "https://registry.npmjs.org/fourier-transform/-/fourier-transform-2.4.0.tgz",
      "integrity": "sha512-B7pQ7faDJGPJcFy08OtSlbr5wkMr9eVDZOHg8q2wBDCVOpVrO5+lTcPGobx+XxdG3G9vAV57jehcChaAqrDlew==",
      "license": "MIT"
    },
    "node_modules/tst": {
      "version": "9.4.0",
      "resolved": "https://registry.npmjs.org/tst/-/tst-9.4.0.tgz",
      "integrity": "sha512-LFC1yasMqhvL9hBJdA07nozlfS1RGy/7uiBCwRZcQH9zB4+n7XpxwYszzK//WQ2JVOLAUgU3d8ABEcrFLZE0vg==",
      "dev": true,
      "license": "MIT"
    },
    "packages/defeedback-analyzer": {
      "name": "@audio/defeedback-analyzer",
      "version": "1.0.0",
      "license": "MIT",
      "dependencies": {
        "fourier-transform": "^2.2.0"
      },
      "engines": {
        "node": ">=18"
      }
    },
    "packages/defeedback-notchbank": {
      "name": "@audio/defeedback-notchbank",
      "version": "1.1.0",
      "license": "MIT",
      "dependencies": {
        "@audio/biquad": "^1.1.0"
      },
      "engines": {
        "node": ">=18"
      }
    },
    "packages/defeedback-tracker": {
      "name": "@audio/defeedback-tracker",
      "version": "1.0.0",
      "license": "MIT",
      "engines": {
        "node": ">=18"
      }
    }
  }
}
